
Microsoft Visual Studio Solution File, Format Version 12.00
# Visual Studio Version 16
VisualStudioVersion = 16.0.31624.102
MinimumVisualStudioVersion = 10.0.40219.1
Project("{8BC9CEB8-8B4A-11D0-8D11-00A0C91BC942}") = "Exam", "Exam\Exam.vcxproj", "{33E9C5B9-F2E4-46E5-BE0B-ED2A43F55B66}"
EndProject
Global
	GlobalSection(SolutionConfigurationPlatforms) = preSolution
		Debug|x64 = Debug|x64
		Debug|x86 = Debug|x86
		Release|x64 = Release|x64
		Release|x86 = Release|x86
	EndGlobalSection
	GlobalSection(ProjectConfigurationPlatforms) = postSolution
		{33E9C5B9-F2E4-46E5-BE0B-ED2A43F55B66}.Debug|x64.ActiveCfg = Debug|x64
		{33E9C5B9-F2E4-46E5-BE0B-ED2A43F55B66}.Debug|x64.Build.0 = Debug|x64
		{33E9C5B9-F2E4-46E5-BE0B-ED2A43F55B66}.Debug|x86.ActiveCfg = Debug|Win32
		{33E9C5B9-F2E4-46E5-BE0B-ED2A43F55B66}.Debug|x86.Build.0 = Debug|Win32
		{33E9C5B9-F2E4-46E5-BE0B-ED2A43F55B66}.Release|x64.ActiveCfg = Release|x64
		{33E9C5B9-F2E4-46E5-BE0B-ED2A43F55B66}.Release|x64.Build.0 = Release|x64
		{33E9C5B9-F2E4-46E5-BE0B-ED2A43F55B66}.Release|x86.ActiveCfg = Release|Win32
		{33E9C5B9-F2E4-46E5-BE0B-ED2A43F55B66}.Release|x86.Build.0 = Release|Win32
	EndGlobalSection
	GlobalSection(SolutionProperties) = preSolution
		HideSolutionNode = FALSE
	EndGlobalSection
	GlobalSection(ExtensibilityGlobals) = postSolution
		SolutionGuid = {BABAFF4C-3891-4957-B708-9ECA86DD0962}
	EndGlobalSection
EndGlobal
